// !$*UTF8*$!
{
	archiveVersion = 1;
	classes = {
	};
	objectVersion = 50;
	objects = {

/* Begin PBXBuildFile section */
		3890194941862AD5E105DD2D /* libPods-点击删除该条cell的demo.a in Frameworks */ = {isa = PBXBuildFile; fileRef = 2B143696B4D4EFCB480B8BF7 /* libPods-点击删除该条cell的demo.a */; };
		B87FED18256E80A0005ADA34 /* AppDelegate.m in Sources */ = {isa = PBXBuildFile; fileRef = B87FED17256E80A0005ADA34 /* AppDelegate.m */; };
		B87FED1B256E80A0005ADA34 /* SceneDelegate.m in Sources */ = {isa = PBXBuildFile; fileRef = B87FED1A256E80A0005ADA34 /* SceneDelegate.m */; };
		B87FED1E256E80A0005ADA34 /* ViewController.m in Sources */ = {isa = PBXBuildFile; fileRef = B87FED1D256E80A0005ADA34 /* ViewController.m */; };
		B87FED21256E80A0005ADA34 /* Main.storyboard in Resources */ = {isa = PBXBuildFile; fileRef = B87FED1F256E80A0005ADA34 /* Main.storyboard */; };
		B87FED23256E80A3005ADA34 /* Assets.xcassets in Resources */ = {isa = PBXBuildFile; fileRef = B87FED22256E80A3005ADA34 /* Assets.xcassets */; };
		B87FED26256E80A3005ADA34 /* LaunchScreen.storyboard in Resources */ = {isa = PBXBuildFile; fileRef = B87FED24256E80A3005ADA34 /* LaunchScreen.storyboard */; };
		B87FED29256E80A3005ADA34 /* main.m in Sources */ = {isa = PBXBuildFile; fileRef = B87FED28256E80A3005ADA34 /* main.m */; };
		B87FED33256E80A3005ADA34 /* ______cell_demoTests.m in Sources */ = {isa = PBXBuildFile; fileRef = B87FED32256E80A3005ADA34 /* ______cell_demoTests.m */; };
		B87FED3E256E80A3005ADA34 /* ______cell_demoUITests.m in Sources */ = {isa = PBXBuildFile; fileRef = B87FED3D256E80A3005ADA34 /* ______cell_demoUITests.m */; };
		B87FED50256E80CB005ADA34 /* HistoryCell_Search.m in Sources */ = {isa = PBXBuildFile; fileRef = B87FED4F256E80CB005ADA34 /* HistoryCell_Search.m */; };
/* End PBXBuildFile section */

/* Begin PBXContainerItemProxy section */
		B87FED2F256E80A3005ADA34 /* PBXContainerItemProxy */ = {
			isa = PBXContainerItemProxy;
			containerPortal = B87FED0B256E80A0005ADA34 /* Project object */;
			proxyType = 1;
			remoteGlobalIDString = B87FED12256E80A0005ADA34;
			remoteInfo = "点击删除该条cell的demo";
		};
		B87FED3A256E80A3005ADA34 /* PBXContainerItemProxy */ = {
			isa = PBXContainerItemProxy;
			containerPortal = B87FED0B256E80A0005ADA34 /* Project object */;
			proxyType = 1;
			remoteGlobalIDString = B87FED12256E80A0005ADA34;
			remoteInfo = "点击删除该条cell的demo";
		};
/* End PBXContainerItemProxy section */

/* Begin PBXFileReference section */
		2B143696B4D4EFCB480B8BF7 /* libPods-点击删除该条cell的demo.a */ = {isa = PBXFileReference; explicitFileType = archive.ar; includeInIndex = 0; path = "libPods-点击删除该条cell的demo.a"; sourceTree = BUILT_PRODUCTS_DIR; };
		64D0686FDC4A2B9D282FC5D4 /* Pods-点击删除该条cell的demo.debug.xcconfig */ = {isa = PBXFileReference; includeInIndex = 1; lastKnownFileType = text.xcconfig; name = "Pods-点击删除该条cell的demo.debug.xcconfig"; path = "Target Support Files/Pods-点击删除该条cell的demo/Pods-点击删除该条cell的demo.debug.xcconfig"; sourceTree = "<group>"; };
		B87FED13256E80A0005ADA34 /* 点击删除该条cell的demo.app */ = {isa = PBXFileReference; explicitFileType = wrapper.application; includeInIndex = 0; path = "点击删除该条cell的demo.app"; sourceTree = BUILT_PRODUCTS_DIR; };
		B87FED16256E80A0005ADA34 /* AppDelegate.h */ = {isa = PBXFileReference; lastKnownFileType = sourcecode.c.h; path = AppDelegate.h; sourceTree = "<group>"; };
		B87FED17256E80A0005ADA34 /* AppDelegate.m */ = {isa = PBXFileReference; lastKnownFileType = sourcecode.c.objc; path = AppDelegate.m; sourceTree = "<group>"; };
		B87FED19256E80A0005ADA34 /* SceneDelegate.h */ = {isa = PBXFileReference; lastKnownFileType = sourcecode.c.h; path = SceneDelegate.h; sourceTree = "<group>"; };
		B87FED1A256E80A0005ADA34 /* SceneDelegate.m */ = {isa = PBXFileReference; lastKnownFileType = sourcecode.c.objc; path = SceneDelegate.m; sourceTree = "<group>"; };
		B87FED1C256E80A0005ADA34 /* ViewController.h */ = {isa = PBXFileReference; lastKnownFileType = sourcecode.c.h; path = ViewController.h; sourceTree = "<group>"; };
		B87FED1D256E80A0005ADA34 /* ViewController.m */ = {isa = PBXFileReference; lastKnownFileType = sourcecode.c.objc; path = ViewController.m; sourceTree = "<group>"; };
		B87FED20256E80A0005ADA34 /* Base */ = {isa = PBXFileReference; lastKnownFileType = file.storyboard; name = Base; path = Base.lproj/Main.storyboard; sourceTree = "<group>"; };
		B87FED22256E80A3005ADA34 /* Assets.xcassets */ = {isa = PBXFileReference; lastKnownFileType = folder.assetcatalog; path = Assets.xcassets; sourceTree = "<group>"; };
		B87FED25256E80A3005ADA34 /* Base */ = {isa = PBXFileReference; lastKnownFileType = file.storyboard; name = Base; path = Base.lproj/LaunchScreen.storyboard; sourceTree = "<group>"; };
		B87FED27256E80A3005ADA34 /* Info.plist */ = {isa = PBXFileReference; lastKnownFileType = text.plist.xml; path = Info.plist; sourceTree = "<group>"; };
		B87FED28256E80A3005ADA34 /* main.m */ = {isa = PBXFileReference; lastKnownFileType = sourcecode.c.objc; path = main.m; sourceTree = "<group>"; };
		B87FED2E256E80A3005ADA34 /* 点击删除该条cell的demoTests.xctest */ = {isa = PBXFileReference; explicitFileType = wrapper.cfbundle; includeInIndex = 0; path = "点击删除该条cell的demoTests.xctest"; sourceTree = BUILT_PRODUCTS_DIR; };
		B87FED32256E80A3005ADA34 /* ______cell_demoTests.m */ = {isa = PBXFileReference; lastKnownFileType = sourcecode.c.objc; path = ______cell_demoTests.m; sourceTree = "<group>"; };
		B87FED34256E80A3005ADA34 /* Info.plist */ = {isa = PBXFileReference; lastKnownFileType = text.plist.xml; path = Info.plist; sourceTree = "<group>"; };
		B87FED39256E80A3005ADA34 /* 点击删除该条cell的demoUITests.xctest */ = {isa = PBXFileReference; explicitFileType = wrapper.cfbundle; includeInIndex = 0; path = "点击删除该条cell的demoUITests.xctest"; sourceTree = BUILT_PRODUCTS_DIR; };
		B87FED3D256E80A3005ADA34 /* ______cell_demoUITests.m */ = {isa = PBXFileReference; lastKnownFileType = sourcecode.c.objc; path = ______cell_demoUITests.m; sourceTree = "<group>"; };
		B87FED3F256E80A3005ADA34 /* Info.plist */ = {isa = PBXFileReference; lastKnownFileType = text.plist.xml; path = Info.plist; sourceTree = "<group>"; };
		B87FED4E256E80CB005ADA34 /* HistoryCell_Search.h */ = {isa = PBXFileReference; lastKnownFileType = sourcecode.c.h; path = HistoryCell_Search.h; sourceTree = "<group>"; };
		B87FED4F256E80CB005ADA34 /* HistoryCell_Search.m */ = {isa = PBXFileReference; lastKnownFileType = sourcecode.c.objc; path = HistoryCell_Search.m; sourceTree = "<group>"; };
		BD1AA946F04D7DD37D56233E /* Pods-点击删除该条cell的demo.release.xcconfig */ = {isa = PBXFileReference; includeInIndex = 1; lastKnownFileType = text.xcconfig; name = "Pods-点击删除该条cell的demo.release.xcconfig"; path = "Target Support Files/Pods-点击删除该条cell的demo/Pods-点击删除该条cell的demo.release.xcconfig"; sourceTree = "<group>"; };
/* End PBXFileReference section */

/* Begin PBXFrameworksBuildPhase section */
		B87FED10256E80A0005ADA34 /* Frameworks */ = {
			isa = PBXFrameworksBuildPhase;
			buildActionMask = 2147483647;
			files = (
				3890194941862AD5E105DD2D /* libPods-点击删除该条cell的demo.a in Frameworks */,
			);
			runOnlyForDeploymentPostprocessing = 0;
		};
		B87FED2B256E80A3005ADA34 /* Frameworks */ = {
			isa = PBXFrameworksBuildPhase;
			buildActionMask = 2147483647;
			files = (
			);
			runOnlyForDeploymentPostprocessing = 0;
		};
		B87FED36256E80A3005ADA34 /* Frameworks */ = {
			isa = PBXFrameworksBuildPhase;
			buildActionMask = 2147483647;
			files = (
			);
			runOnlyForDeploymentPostprocessing = 0;
		};
/* End PBXFrameworksBuildPhase section */

/* Begin PBXGroup section */
		59E514BEB9AEA32F1ABBAE5D /* Frameworks */ = {
			isa = PBXGroup;
			children = (
				2B143696B4D4EFCB480B8BF7 /* libPods-点击删除该条cell的demo.a */,
			);
			name = Frameworks;
			sourceTree = "<group>";
		};
		955DC13D828EA18750B44E50 /* Pods */ = {
			isa = PBXGroup;
			children = (
				64D0686FDC4A2B9D282FC5D4 /* Pods-点击删除该条cell的demo.debug.xcconfig */,
				BD1AA946F04D7DD37D56233E /* Pods-点击删除该条cell的demo.release.xcconfig */,
			);
			name = Pods;
			path = Pods;
			sourceTree = "<group>";
		};
		B87FED0A256E80A0005ADA34 = {
			isa = PBXGroup;
			children = (
				B87FED15256E80A0005ADA34 /* 点击删除该条cell的demo */,
				B87FED31256E80A3005ADA34 /* 点击删除该条cell的demoTests */,
				B87FED3C256E80A3005ADA34 /* 点击删除该条cell的demoUITests */,
				B87FED14256E80A0005ADA34 /* Products */,
				955DC13D828EA18750B44E50 /* Pods */,
				59E514BEB9AEA32F1ABBAE5D /* Frameworks */,
			);
			sourceTree = "<group>";
		};
		B87FED14256E80A0005ADA34 /* Products */ = {
			isa = PBXGroup;
			children = (
				B87FED13256E80A0005ADA34 /* 点击删除该条cell的demo.app */,
				B87FED2E256E80A3005ADA34 /* 点击删除该条cell的demoTests.xctest */,
				B87FED39256E80A3005ADA34 /* 点击删除该条cell的demoUITests.xctest */,
			);
			name = Products;
			sourceTree = "<group>";
		};
		B87FED15256E80A0005ADA34 /* 点击删除该条cell的demo */ = {
			isa = PBXGroup;
			children = (
				B87FED16256E80A0005ADA34 /* AppDelegate.h */,
				B87FED17256E80A0005ADA34 /* AppDelegate.m */,
				B87FED19256E80A0005ADA34 /* SceneDelegate.h */,
				B87FED1A256E80A0005ADA34 /* SceneDelegate.m */,
				B87FED1C256E80A0005ADA34 /* ViewController.h */,
				B87FED1D256E80A0005ADA34 /* ViewController.m */,
				B87FED4E256E80CB005ADA34 /* HistoryCell_Search.h */,
				B87FED4F256E80CB005ADA34 /* HistoryCell_Search.m */,
				B87FED1F256E80A0005ADA34 /* Main.storyboard */,
				B87FED22256E80A3005ADA34 /* Assets.xcassets */,
				B87FED24256E80A3005ADA34 /* LaunchScreen.storyboard */,
				B87FED27256E80A3005ADA34 /* Info.plist */,
				B87FED28256E80A3005ADA34 /* main.m */,
			);
			path = "点击删除该条cell的demo";
			sourceTree = "<group>";
		};
		B87FED31256E80A3005ADA34 /* 点击删除该条cell的demoTests */ = {
			isa = PBXGroup;
			children = (
				B87FED32256E80A3005ADA34 /* ______cell_demoTests.m */,
				B87FED34256E80A3005ADA34 /* Info.plist */,
			);
			path = "点击删除该条cell的demoTests";
			sourceTree = "<group>";
		};
		B87FED3C256E80A3005ADA34 /* 点击删除该条cell的demoUITests */ = {
			isa = PBXGroup;
			children = (
				B87FED3D256E80A3005ADA34 /* ______cell_demoUITests.m */,
				B87FED3F256E80A3005ADA34 /* Info.plist */,
			);
			path = "点击删除该条cell的demoUITests";
			sourceTree = "<group>";
		};
/* End PBXGroup section */

/* Begin PBXNativeTarget section */
		B87FED12256E80A0005ADA34 /* 点击删除该条cell的demo */ = {
			isa = PBXNativeTarget;
			buildConfigurationList = B87FED42256E80A3005ADA34 /* Build configuration list for PBXNativeTarget "点击删除该条cell的demo" */;
			buildPhases = (
				40A912EF0F4C7BE05C30531F /* [CP] Check Pods Manifest.lock */,
				B87FED0F256E80A0005ADA34 /* Sources */,
				B87FED10256E80A0005ADA34 /* Frameworks */,
				B87FED11256E80A0005ADA34 /* Resources */,
			);
			buildRules = (
			);
			dependencies = (
			);
			name = "点击删除该条cell的demo";
			productName = "点击删除该条cell的demo";
			productReference = B87FED13256E80A0005ADA34 /* 点击删除该条cell的demo.app */;
			productType = "com.apple.product-type.application";
		};
		B87FED2D256E80A3005ADA34 /* 点击删除该条cell的demoTests */ = {
			isa = PBXNativeTarget;
			buildConfigurationList = B87FED45256E80A3005ADA34 /* Build configuration list for PBXNativeTarget "点击删除该条cell的demoTests" */;
			buildPhases = (
				B87FED2A256E80A3005ADA34 /* Sources */,
				B87FED2B256E80A3005ADA34 /* Frameworks */,
				B87FED2C256E80A3005ADA34 /* Resources */,
			);
			buildRules = (
			);
			dependencies = (
				B87FED30256E80A3005ADA34 /* PBXTargetDependency */,
			);
			name = "点击删除该条cell的demoTests";
			productName = "点击删除该条cell的demoTests";
			productReference = B87FED2E256E80A3005ADA34 /* 点击删除该条cell的demoTests.xctest */;
			productType = "com.apple.product-type.bundle.unit-test";
		};
		B87FED38256E80A3005ADA34 /* 点击删除该条cell的demoUITests */ = {
			isa = PBXNativeTarget;
			buildConfigurationList = B87FED48256E80A3005ADA34 /* Build configuration list for PBXNativeTarget "点击删除该条cell的demoUITests" */;
			buildPhases = (
				B87FED35256E80A3005ADA34 /* Sources */,
				B87FED36256E80A3005ADA34 /* Frameworks */,
				B87FED37256E80A3005ADA34 /* Resources */,
			);
			buildRules = (
			);
			dependencies = (
				B87FED3B256E80A3005ADA34 /* PBXTargetDependency */,
			);
			name = "点击删除该条cell的demoUITests";
			productName = "点击删除该条cell的demoUITests";
			productReference = B87FED39256E80A3005ADA34 /* 点击删除该条cell的demoUITests.xctest */;
			productType = "com.apple.product-type.bundle.ui-testing";
		};
/* End PBXNativeTarget section */

/* Begin PBXProject section */
		B87FED0B256E80A0005ADA34 /* Project object */ = {
			isa = PBXProject;
			attributes = {
				LastUpgradeCheck = 1220;
				TargetAttributes = {
					B87FED12256E80A0005ADA34 = {
						CreatedOnToolsVersion = 12.2;
					};
					B87FED2D256E80A3005ADA34 = {
						CreatedOnToolsVersion = 12.2;
						TestTargetID = B87FED12256E80A0005ADA34;
					};
					B87FED38256E80A3005ADA34 = {
						CreatedOnToolsVersion = 12.2;
						TestTargetID = B87FED12256E80A0005ADA34;
					};
				};
			};
			buildConfigurationList = B87FED0E256E80A0005ADA34 /* Build configuration list for PBXProject "点击删除该条cell的demo" */;
			compatibilityVersion = "Xcode 9.3";
			developmentRegion = en;
			hasScannedForEncodings = 0;
			knownRegions = (
				en,
				Base,
			);
			mainGroup = B87FED0A256E80A0005ADA34;
			productRefGroup = B87FED14256E80A0005ADA34 /* Products */;
			projectDirPath = "";
			projectRoot = "";
			targets = (
				B87FED12256E80A0005ADA34 /* 点击删除该条cell的demo */,
				B87FED2D256E80A3005ADA34 /* 点击删除该条cell的demoTests */,
				B87FED38256E80A3005ADA34 /* 点击删除该条cell的demoUITests */,
			);
		};
/* End PBXProject section */

/* Begin PBXResourcesBuildPhase section */
		B87FED11256E80A0005ADA34 /* Resources */ = {
			isa = PBXResourcesBuildPhase;
			buildActionMask = 2147483647;
			files = (
				B87FED26256E80A3005ADA34 /* LaunchScreen.storyboard in Resources */,
				B87FED23256E80A3005ADA34 /* Assets.xcassets in Resources */,
				B87FED21256E80A0005ADA34 /* Main.storyboard in Resources */,
			);
			runOnlyForDeploymentPostprocessing = 0;
		};
		B87FED2C256E80A3005ADA34 /* Resources */ = {
			isa = PBXResourcesBuildPhase;
			buildActionMask = 2147483647;
			files = (
			);
			runOnlyForDeploymentPostprocessing = 0;
		};
		B87FED37256E80A3005ADA34 /* Resources */ = {
			isa = PBXResourcesBuildPhase;
			buildActionMask = 2147483647;
			files = (
			);
			runOnlyForDeploymentPostprocessing = 0;
		};
/* End PBXResourcesBuildPhase section */

/* Begin PBXShellScriptBuildPhase section */
		40A912EF0F4C7BE05C30531F /* [CP] Check Pods Manifest.lock */ = {
			isa = PBXShellScriptBuildPhase;
			buildActionMask = 2147483647;
			files = (
			);
			inputFileListPaths = (
			);
			inputPaths = (
				"${PODS_PODFILE_DIR_PATH}/Podfile.lock",
				"${PODS_ROOT}/Manifest.lock",
			);
			name = "[CP] Check Pods Manifest.lock";
			outputFileListPaths = (
			);
			outputPaths = (
				"$(DERIVED_FILE_DIR)/Pods-点击删除该条cell的demo-checkManifestLockResult.txt",
			);
			runOnlyForDeploymentPostprocessing = 0;
			shellPath = /bin/sh;
			shellScript = "diff \"${PODS_PODFILE_DIR_PATH}/Podfile.lock\" \"${PODS_ROOT}/Manifest.lock\" > /dev/null\nif [ $? != 0 ] ; then\n    # print error to STDERR\n    echo \"error: The sandbox is not in sync with the Podfile.lock. Run 'pod install' or update your CocoaPods installation.\" >&2\n    exit 1\nfi\n# This output is used by Xcode 'outputs' to avoid re-running this script phase.\necho \"SUCCESS\" > \"${SCRIPT_OUTPUT_FILE_0}\"\n";
			showEnvVarsInLog = 0;
		};
/* End PBXShellScriptBuildPhase section */

/* Begin PBXSourcesBuildPhase section */
		B87FED0F256E80A0005ADA34 /* Sources */ = {
			isa = PBXSourcesBuildPhase;
			buildActionMask = 2147483647;
			files = (
				B87FED1E256E80A0005ADA34 /* ViewController.m in Sources */,
				B87FED18256E80A0005ADA34 /* AppDelegate.m in Sources */,
				B87FED29256E80A3005ADA34 /* main.m in Sources */,
				B87FED50256E80CB005ADA34 /* HistoryCell_Search.m in Sources */,
				B87FED1B256E80A0005ADA34 /* SceneDelegate.m in Sources */,
			);
			runOnlyForDeploymentPostprocessing = 0;
		};
		B87FED2A256E80A3005ADA34 /* Sources */ = {
			isa = PBXSourcesBuildPhase;
			buildActionMask = 2147483647;
			files = (
				B87FED33256E80A3005ADA34 /* ______cell_demoTests.m in Sources */,
			);
			runOnlyForDeploymentPostprocessing = 0;
		};
		B87FED35256E80A3005ADA34 /* Sources */ = {
			isa = PBXSourcesBuildPhase;
			buildActionMask = 2147483647;
			files = (
				B87FED3E256E80A3005ADA34 /* ______cell_demoUITests.m in Sources */,
			);
			runOnlyForDeploymentPostprocessing = 0;
		};
/* End PBXSourcesBuildPhase section */

/* Begin PBXTargetDependency section */
		B87FED30256E80A3005ADA34 /* PBXTargetDependency */ = {
			isa = PBXTargetDependency;
			target = B87FED12256E80A0005ADA34 /* 点击删除该条cell的demo */;
			targetProxy = B87FED2F256E80A3005ADA34 /* PBXContainerItemProxy */;
		};
		B87FED3B256E80A3005ADA34 /* PBXTargetDependency */ = {
			isa = PBXTargetDependency;
			target = B87FED12256E80A0005ADA34 /* 点击删除该条cell的demo */;
			targetProxy = B87FED3A256E80A3005ADA34 /* PBXContainerItemProxy */;
		};
/* End PBXTargetDependency section */

/* Begin PBXVariantGroup section */
		B87FED1F256E80A0005ADA34 /* Main.storyboard */ = {
			isa = PBXVariantGroup;
			children = (
				B87FED20256E80A0005ADA34 /* Base */,
			);
			name = Main.storyboard;
			sourceTree = "<group>";
		};
		B87FED24256E80A3005ADA34 /* LaunchScreen.storyboard */ = {
			isa = PBXVariantGroup;
			children = (
				B87FED25256E80A3005ADA34 /* Base */,
			);
			name = LaunchScreen.storyboard;
			sourceTree = "<group>";
		};
/* End PBXVariantGroup section */

/* Begin XCBuildConfiguration section */
		B87FED40256E80A3005ADA34 /* Debug */ = {
			isa = XCBuildConfiguration;
			buildSettings = {
				ALWAYS_SEARCH_USER_PATHS = NO;
				CLANG_ANALYZER_NONNULL = YES;
				CLANG_ANALYZER_NUMBER_OBJECT_CONVERSION = YES_AGGRESSIVE;
				CLANG_CXX_LANGUAGE_STANDARD = "gnu++14";
				CLANG_CXX_LIBRARY = "libc++";
				CLANG_ENABLE_MODULES = YES;
				CLANG_ENABLE_OBJC_ARC = YES;
				CLANG_ENABLE_OBJC_WEAK = YES;
				CLANG_WARN_BLOCK_CAPTURE_AUTORELEASING = YES;
				CLANG_WARN_BOOL_CONVERSION = YES;
				CLANG_WARN_COMMA = YES;
				CLANG_WARN_CONSTANT_CONVERSION = YES;
				CLANG_WARN_DEPRECATED_OBJC_IMPLEMENTATIONS = YES;
				CLANG_WARN_DIRECT_OBJC_ISA_USAGE = YES_ERROR;
				CLANG_WARN_DOCUMENTATION_COMMENTS = YES;
				CLANG_WARN_EMPTY_BODY = YES;
				CLANG_WARN_ENUM_CONVERSION = YES;
				CLANG_WARN_INFINITE_RECURSION = YES;
				CLANG_WARN_INT_CONVERSION = YES;
				CLANG_WARN_NON_LITERAL_NULL_CONVERSION = YES;
				CLANG_WARN_OBJC_IMPLICIT_RETAIN_SELF = YES;
				CLANG_WARN_OBJC_LITERAL_CONVERSION = YES;
				CLANG_WARN_OBJC_ROOT_CLASS = YES_ERROR;
				CLANG_WARN_QUOTED_INCLUDE_IN_FRAMEWORK_HEADER = YES;
				CLANG_WARN_RANGE_LOOP_ANALYSIS = YES;
				CLANG_WARN_STRICT_PROTOTYPES = YES;
				CLANG_WARN_SUSPICIOUS_MOVE = YES;
				CLANG_WARN_UNGUARDED_AVAILABILITY = YES_AGGRESSIVE;
				CLANG_WARN_UNREACHABLE_CODE = YES;
				CLANG_WARN__DUPLICATE_METHOD_MATCH = YES;
				COPY_PHASE_STRIP = NO;
				DEBUG_INFORMATION_FORMAT = dwarf;
				ENABLE_STRICT_OBJC_MSGSEND = YES;
				ENABLE_TESTABILITY = YES;
				GCC_C_LANGUAGE_STANDARD = gnu11;
				GCC_DYNAMIC_NO_PIC = NO;
				GCC_NO_COMMON_BLOCKS = YES;
				GCC_OPTIMIZATION_LEVEL = 0;
				GCC_PREPROCESSOR_DEFINITIONS = (
					"DEBUG=1",
					"$(inherited)",
				);
				GCC_WARN_64_TO_32_BIT_CONVERSION = YES;
				GCC_WARN_ABOUT_RETURN_TYPE = YES_ERROR;
				GCC_WARN_UNDECLARED_SELECTOR = YES;
				GCC_WARN_UNINITIALIZED_AUTOS = YES_AGGRESSIVE;
				GCC_WARN_UNUSED_FUNCTION = YES;
				GCC_WARN_UNUSED_VARIABLE = YES;
				IPHONEOS_DEPLOYMENT_TARGET = 14.2;
				MTL_ENABLE_DEBUG_INFO = INCLUDE_SOURCE;
				MTL_FAST_MATH = YES;
				ONLY_ACTIVE_ARCH = YES;
				SDKROOT = iphoneos;
			};
			name = Debug;
		};
		B87FED41256E80A3005ADA34 /* Release */ = {
			isa = XCBuildConfiguration;
			buildSettings = {
				ALWAYS_SEARCH_USER_PATHS = NO;
				CLANG_ANALYZER_NONNULL = YES;
				CLANG_ANALYZER_NUMBER_OBJECT_CONVERSION = YES_AGGRESSIVE;
				CLANG_CXX_LANGUAGE_STANDARD = "gnu++14";
				CLANG_CXX_LIBRARY = "libc++";
				CLANG_ENABLE_MODULES = YES;
				CLANG_ENABLE_OBJC_ARC = YES;
				CLANG_ENABLE_OBJC_WEAK = YES;
				CLANG_WARN_BLOCK_CAPTURE_AUTORELEASING = YES;
				CLANG_WARN_BOOL_CONVERSION = YES;
				CLANG_WARN_COMMA = YES;
				CLANG_WARN_CONSTANT_CONVERSION = YES;
				CLANG_WARN_DEPRECATED_OBJC_IMPLEMENTATIONS = YES;
				CLANG_WARN_DIRECT_OBJC_ISA_USAGE = YES_ERROR;
				CLANG_WARN_DOCUMENTATION_COMMENTS = YES;
				CLANG_WARN_EMPTY_BODY = YES;
				CLANG_WARN_ENUM_CONVERSION = YES;
				CLANG_WARN_INFINITE_RECURSION = YES;
				CLANG_WARN_INT_CONVERSION = YES;
				CLANG_WARN_NON_LITERAL_NULL_CONVERSION = YES;
				CLANG_WARN_OBJC_IMPLICIT_RETAIN_SELF = YES;
				CLANG_WARN_OBJC_LITERAL_CONVERSION = YES;
				CLANG_WARN_OBJC_ROOT_CLASS = YES_ERROR;
				CLANG_WARN_QUOTED_INCLUDE_IN_FRAMEWORK_HEADER = YES;
				CLANG_WARN_RANGE_LOOP_ANALYSIS = YES;
				CLANG_WARN_STRICT_PROTOTYPES = YES;
				CLANG_WARN_SUSPICIOUS_MOVE = YES;
				CLANG_WARN_UNGUARDED_AVAILABILITY = YES_AGGRESSIVE;
				CLANG_WARN_UNREACHABLE_CODE = YES;
				CLANG_WARN__DUPLICATE_METHOD_MATCH = YES;
				COPY_PHASE_STRIP = NO;
				DEBUG_INFORMATION_FORMAT = "dwarf-with-dsym";
				ENABLE_NS_ASSERTIONS = NO;
				ENABLE_STRICT_OBJC_MSGSEND = YES;
				GCC_C_LANGUAGE_STANDARD = gnu11;
				GCC_NO_COMMON_BLOCKS = YES;
				GCC_WARN_64_TO_32_BIT_CONVERSION = YES;
				GCC_WARN_ABOUT_RETURN_TYPE = YES_ERROR;
				GCC_WARN_UNDECLARED_SELECTOR = YES;
				GCC_WARN_UNINITIALIZED_AUTOS = YES_AGGRESSIVE;
				GCC_WARN_UNUSED_FUNCTION = YES;
				GCC_WARN_UNUSED_VARIABLE = YES;
				IPHONEOS_DEPLOYMENT_TARGET = 14.2;
				MTL_ENABLE_DEBUG_INFO = NO;
				MTL_FAST_MATH = YES;
				SDKROOT = iphoneos;
				VALIDATE_PRODUCT = YES;
			};
			name = Release;
		};
		B87FED43256E80A3005ADA34 /* Debug */ = {
			isa = XCBuildConfiguration;
			baseConfigurationReference = 64D0686FDC4A2B9D282FC5D4 /* Pods-点击删除该条cell的demo.debug.xcconfig */;
			buildSettings = {
				ASSETCATALOG_COMPILER_APPICON_NAME = AppIcon;
				ASSETCATALOG_COMPILER_GLOBAL_ACCENT_COLOR_NAME = AccentColor;
				CODE_SIGN_STYLE = Automatic;
				DEVELOPMENT_TEAM = USX8LB59D7;
				INFOPLIST_FILE = "点击删除该条cell的demo/Info.plist";
				LD_RUNPATH_SEARCH_PATHS = (
					"$(inherited)",
					"@executable_path/Frameworks",
				);
				PRODUCT_BUNDLE_IDENTIFIER = "khfdkhvihvkshvksh.------cell-demo";
				PRODUCT_NAME = "$(TARGET_NAME)";
				TARGETED_DEVICE_FAMILY = "1,2";
			};
			name = Debug;
		};
		B87FED44256E80A3005ADA34 /* Release */ = {
			isa = XCBuildConfiguration;
			baseConfigurationReference = BD1AA946F04D7DD37D56233E /* Pods-点击删除该条cell的demo.release.xcconfig */;
			buildSettings = {
				ASSETCATALOG_COMPILER_APPICON_NAME = AppIcon;
				ASSETCATALOG_COMPILER_GLOBAL_ACCENT_COLOR_NAME = AccentColor;
				CODE_SIGN_STYLE = Automatic;
				DEVELOPMENT_TEAM = USX8LB59D7;
				INFOPLIST_FILE = "点击删除该条cell的demo/Info.plist";
				LD_RUNPATH_SEARCH_PATHS = (
					"$(inherited)",
					"@executable_path/Frameworks",
				);
				PRODUCT_BUNDLE_IDENTIFIER = "khfdkhvihvkshvksh.------cell-demo";
				PRODUCT_NAME = "$(TARGET_NAME)";
				TARGETED_DEVICE_FAMILY = "1,2";
			};
			name = Release;
		};
		B87FED46256E80A3005ADA34 /* Debug */ = {
			isa = XCBuildConfiguration;
			buildSettings = {
				BUNDLE_LOADER = "$(TEST_HOST)";
				CODE_SIGN_STYLE = Automatic;
				DEVELOPMENT_TEAM = USX8LB59D7;
				INFOPLIST_FILE = "点击删除该条cell的demoTests/Info.plist";
				IPHONEOS_DEPLOYMENT_TARGET = 14.2;
				LD_RUNPATH_SEARCH_PATHS = (
					"$(inherited)",
					"@executable_path/Frameworks",
					"@loader_path/Frameworks",
				);
				PRODUCT_BUNDLE_IDENTIFIER = "khfdkhvihvkshvksh.------cell-demoTests";
				PRODUCT_NAME = "$(TARGET_NAME)";
				TARGETED_DEVICE_FAMILY = "1,2";
				TEST_HOST = "$(BUILT_PRODUCTS_DIR)/点击删除该条cell的demo.app/点击删除该条cell的demo";
			};
			name = Debug;
		};
		B87FED47256E80A3005ADA34 /* Release */ = {
			isa = XCBuildConfiguration;
			buildSettings = {
				BUNDLE_LOADER = "$(TEST_HOST)";
				CODE_SIGN_STYLE = Automatic;
				DEVELOPMENT_TEAM = USX8LB59D7;
				INFOPLIST_FILE = "点击删除该条cell的demoTests/Info.plist";
				IPHONEOS_DEPLOYMENT_TARGET = 14.2;
				LD_RUNPATH_SEARCH_PATHS = (
					"$(inherited)",
					"@executable_path/Frameworks",
					"@loader_path/Frameworks",
				);
				PRODUCT_BUNDLE_IDENTIFIER = "khfdkhvihvkshvksh.------cell-demoTests";
				PRODUCT_NAME = "$(TARGET_NAME)";
				TARGETED_DEVICE_FAMILY = "1,2";
				TEST_HOST = "$(BUILT_PRODUCTS_DIR)/点击删除该条cell的demo.app/点击删除该条cell的demo";
			};
			name = Release;
		};
		B87FED49256E80A3005ADA34 /* Debug */ = {
			isa = XCBuildConfiguration;
			buildSettings = {
				CODE_SIGN_STYLE = Automatic;
				DEVELOPMENT_TEAM = USX8LB59D7;
				INFOPLIST_FILE = "点击删除该条cell的demoUITests/Info.plist";
				LD_RUNPATH_SEARCH_PATHS = (
					"$(inherited)",
					"@executable_path/Frameworks",
					"@loader_path/Frameworks",
				);
				PRODUCT_BUNDLE_IDENTIFIER = "khfdkhvihvkshvksh.------cell-demoUITests";
				PRODUCT_NAME = "$(TARGET_NAME)";
				TARGETED_DEVICE_FAMILY = "1,2";
				TEST_TARGET_NAME = "点击删除该条cell的demo";
			};
			name = Debug;
		};
		B87FED4A256E80A3005ADA34 /* Release */ = {
			isa = XCBuildConfiguration;
			buildSettings = {
				CODE_SIGN_STYLE = Automatic;
				DEVELOPMENT_TEAM = USX8LB59D7;
				INFOPLIST_FILE = "点击删除该条cell的demoUITests/Info.plist";
				LD_RUNPATH_SEARCH_PATHS = (
					"$(inherited)",
					"@executable_path/Frameworks",
					"@loader_path/Frameworks",
				);
				PRODUCT_BUNDLE_IDENTIFIER = "khfdkhvihvkshvksh.------cell-demoUITests";
				PRODUCT_NAME = "$(TARGET_NAME)";
				TARGETED_DEVICE_FAMILY = "1,2";
				TEST_TARGET_NAME = "点击删除该条cell的demo";
			};
			name = Release;
		};
/* End XCBuildConfiguration section */

/* Begin XCConfigurationList section */
		B87FED0E256E80A0005ADA34 /* Build configuration list for PBXProject "点击删除该条cell的demo" */ = {
			isa = XCConfigurationList;
			buildConfigurations = (
				B87FED40256E80A3005ADA34 /* Debug */,
				B87FED41256E80A3005ADA34 /* Release */,
			);
			defaultConfigurationIsVisible = 0;
			defaultConfigurationName = Release;
		};
		B87FED42256E80A3005ADA34 /* Build configuration list for PBXNativeTarget "点击删除该条cell的demo" */ = {
			isa = XCConfigurationList;
			buildConfigurations = (
				B87FED43256E80A3005ADA34 /* Debug */,
				B87FED44256E80A3005ADA34 /* Release */,
			);
			defaultConfigurationIsVisible = 0;
			defaultConfigurationName = Release;
		};
		B87FED45256E80A3005ADA34 /* Build configuration list for PBXNativeTarget "点击删除该条cell的demoTests" */ = {
			isa = XCConfigurationList;
			buildConfigurations = (
				B87FED46256E80A3005ADA34 /* Debug */,
				B87FED47256E80A3005ADA34 /* Release */,
			);
			defaultConfigurationIsVisible = 0;
			defaultConfigurationName = Release;
		};
		B87FED48256E80A3005ADA34 /* Build configuration list for PBXNativeTarget "点击删除该条cell的demoUITests" */ = {
			isa = XCConfigurationList;
			buildConfigurations = (
				B87FED49256E80A3005ADA34 /* Debug */,
				B87FED4A256E80A3005ADA34 /* Release */,
			);
			defaultConfigurationIsVisible = 0;
			defaultConfigurationName = Release;
		};
/* End XCConfigurationList section */
	};
	rootObject = B87FED0B256E80A0005ADA34 /* Project object */;
}
